// !$*UTF8*$!
{
	archiveVersion = 1;
	classes = {
	};
	objectVersion = 46;
	objects = {

/* Begin PBXBuildFile section */
		8218D7D717999CCA00CAC79F /* Question Mark.jpg in Resources */ = {isa = PBXBuildFile; fileRef = 8218D7D617999CCA00CAC79F /* Question Mark.jpg */; };
		82C87BAA179858D900EF3255 /* UIKit.framework in Frameworks */ = {isa = PBXBuildFile; fileRef = 82C87BA9179858D900EF3255 /* UIKit.framework */; };
		82C87BAC179858D900EF3255 /* Foundation.framework in Frameworks */ = {isa = PBXBuildFile; fileRef = 82C87BAB179858D900EF3255 /* Foundation.framework */; };
		82C87BAE179858D900EF3255 /* CoreGraphics.framework in Frameworks */ = {isa = PBXBuildFile; fileRef = 82C87BAD179858D900EF3255 /* CoreGraphics.framework */; };
		82C87BB4179858D900EF3255 /* InfoPlist.strings in Resources */ = {isa = PBXBuildFile; fileRef = 82C87BB2179858D900EF3255 /* InfoPlist.strings */; };
		82C87BB6179858D900EF3255 /* main.m in Sources */ = {isa = PBXBuildFile; fileRef = 82C87BB5179858D900EF3255 /* main.m */; };
		82C87BBA179858D900EF3255 /* AppDelegate.m in Sources */ = {isa = PBXBuildFile; fileRef = 82C87BB9179858D900EF3255 /* AppDelegate.m */; };
		82C87BBC179858D900EF3255 /* Default.png in Resources */ = {isa = PBXBuildFile; fileRef = 82C87BBB179858D900EF3255 /* Default.png */; };
		82C87BBE179858D900EF3255 /* Default@2x.png in Resources */ = {isa = PBXBuildFile; fileRef = 82C87BBD179858D900EF3255 /* Default@2x.png */; };
		82C87BC0179858D900EF3255 /* Default-568h@2x.png in Resources */ = {isa = PBXBuildFile; fileRef = 82C87BBF179858D900EF3255 /* Default-568h@2x.png */; };
		82C87BC3179858D900EF3255 /* ViewController.m in Sources */ = {isa = PBXBuildFile; fileRef = 82C87BC2179858D900EF3255 /* ViewController.m */; };
		82C87BC6179858D900EF3255 /* ViewController.xib in Resources */ = {isa = PBXBuildFile; fileRef = 82C87BC4179858D900EF3255 /* ViewController.xib */; };
		82C87BD41798596800EF3255 /* MyView.m in Sources */ = {isa = PBXBuildFile; fileRef = 82C87BD31798596800EF3255 /* MyView.m */; };
		82E0EC121799C533000F2CE4 /* Andres Castillo.jpg in Resources */ = {isa = PBXBuildFile; fileRef = 82E0EBFF1799C533000F2CE4 /* Andres Castillo.jpg */; };
		82E0EC131799C533000F2CE4 /* Antonio Grimaldo.jpg in Resources */ = {isa = PBXBuildFile; fileRef = 82E0EC001799C533000F2CE4 /* Antonio Grimaldo.jpg */; };
		82E0EC141799C533000F2CE4 /* Brad Woodard.jpg in Resources */ = {isa = PBXBuildFile; fileRef = 82E0EC011799C533000F2CE4 /* Brad Woodard.jpg */; };
		82E0EC151799C533000F2CE4 /* Brandon Passley.jpg in Resources */ = {isa = PBXBuildFile; fileRef = 82E0EC021799C533000F2CE4 /* Brandon Passley.jpg */; };
		82E0EC161799C533000F2CE4 /* Brian Dinh.jpg in Resources */ = {isa = PBXBuildFile; fileRef = 82E0EC031799C533000F2CE4 /* Brian Dinh.jpg */; };
		82E0EC171799C533000F2CE4 /* Don Bora.jpg in Resources */ = {isa = PBXBuildFile; fileRef = 82E0EC041799C533000F2CE4 /* Don Bora.jpg */; };
		82E0EC181799C533000F2CE4 /* Eddie Kang.jpg in Resources */ = {isa = PBXBuildFile; fileRef = 82E0EC051799C533000F2CE4 /* Eddie Kang.jpg */; };
		82E0EC191799C533000F2CE4 /* Jeremy Herrero.jpg in Resources */ = {isa = PBXBuildFile; fileRef = 82E0EC061799C533000F2CE4 /* Jeremy Herrero.jpg */; };
		82E0EC1A1799C533000F2CE4 /* Jess Sturme.jpg in Resources */ = {isa = PBXBuildFile; fileRef = 82E0EC071799C533000F2CE4 /* Jess Sturme.jpg */; };
		82E0EC1B1799C533000F2CE4 /* Joel Arcos.jpg in Resources */ = {isa = PBXBuildFile; fileRef = 82E0EC081799C533000F2CE4 /* Joel Arcos.jpg */; };
		82E0EC1C1799C533000F2CE4 /* Juliana Caccavo.jpg in Resources */ = {isa = PBXBuildFile; fileRef = 82E0EC091799C533000F2CE4 /* Juliana Caccavo.jpg */; };
		82E0EC1D1799C533000F2CE4 /* Kin Divisual.jpg in Resources */ = {isa = PBXBuildFile; fileRef = 82E0EC0A1799C533000F2CE4 /* Kin Divisual.jpg */; };
		82E0EC1E1799C533000F2CE4 /* Margarita Escaño.jpg in Resources */ = {isa = PBXBuildFile; fileRef = 82E0EC0B1799C533000F2CE4 /* Margarita Escaño.jpg */; };
		82E0EC1F1799C533000F2CE4 /* Maxim Wheatley.jpg in Resources */ = {isa = PBXBuildFile; fileRef = 82E0EC0C1799C533000F2CE4 /* Maxim Wheatley.jpg */; };
		82E0EC201799C533000F2CE4 /* Norm Gershon.jpg in Resources */ = {isa = PBXBuildFile; fileRef = 82E0EC0D1799C533000F2CE4 /* Norm Gershon.jpg */; };
		82E0EC211799C533000F2CE4 /* Ryan Striker.jpg in Resources */ = {isa = PBXBuildFile; fileRef = 82E0EC0E1799C533000F2CE4 /* Ryan Striker.jpg */; };
		82E0EC221799C533000F2CE4 /* Stephan Duggan.jpg in Resources */ = {isa = PBXBuildFile; fileRef = 82E0EC0F1799C533000F2CE4 /* Stephan Duggan.jpg */; };
		82E0EC231799C533000F2CE4 /* Thom Duncan.jpg in Resources */ = {isa = PBXBuildFile; fileRef = 82E0EC101799C533000F2CE4 /* Thom Duncan.jpg */; };
		82E0EC241799C533000F2CE4 /* Umut Kanbak.jpg in Resources */ = {isa = PBXBuildFile; fileRef = 82E0EC111799C533000F2CE4 /* Umut Kanbak.jpg */; };
		82E0EC2B1799D64D000F2CE4 /* MainViewController.m in Sources */ = {isa = PBXBuildFile; fileRef = 82E0EC291799D64D000F2CE4 /* MainViewController.m */; };
		82E0EC2C1799D64D000F2CE4 /* MainViewController.xib in Resources */ = {isa = PBXBuildFile; fileRef = 82E0EC2A1799D64D000F2CE4 /* MainViewController.xib */; };
		82E0EC34179A2697000F2CE4 /* PauseViewController.m in Sources */ = {isa = PBXBuildFile; fileRef = 82E0EC32179A2697000F2CE4 /* PauseViewController.m */; };
		82E0EC35179A2697000F2CE4 /* PauseViewController.xib in Resources */ = {isa = PBXBuildFile; fileRef = 82E0EC33179A2697000F2CE4 /* PauseViewController.xib */; };
		82E0EC39179A3745000F2CE4 /* ThumbDown.png in Resources */ = {isa = PBXBuildFile; fileRef = 82E0EC37179A3745000F2CE4 /* ThumbDown.png */; };
		82E0EC3A179A3745000F2CE4 /* ThumbUp.png in Resources */ = {isa = PBXBuildFile; fileRef = 82E0EC38179A3745000F2CE4 /* ThumbUp.png */; };
/* End PBXBuildFile section */

/* Begin PBXFileReference section */
		8218D7D617999CCA00CAC79F /* Question Mark.jpg */ = {isa = PBXFileReference; lastKnownFileType = image.jpeg; name = "Question Mark.jpg"; path = "Images/Question Mark.jpg"; sourceTree = "<group>"; };
		82C87BA6179858D900EF3255 /* TouchViewsManually.app */ = {isa = PBXFileReference; explicitFileType = wrapper.application; includeInIndex = 0; path = TouchViewsManually.app; sourceTree = BUILT_PRODUCTS_DIR; };
		82C87BA9179858D900EF3255 /* UIKit.framework */ = {isa = PBXFileReference; lastKnownFileType = wrapper.framework; name = UIKit.framework; path = System/Library/Frameworks/UIKit.framework; sourceTree = SDKROOT; };
		82C87BAB179858D900EF3255 /* Foundation.framework */ = {isa = PBXFileReference; lastKnownFileType = wrapper.framework; name = Foundation.framework; path = System/Library/Frameworks/Foundation.framework; sourceTree = SDKROOT; };
		82C87BAD179858D900EF3255 /* CoreGraphics.framework */ = {isa = PBXFileReference; lastKnownFileType = wrapper.framework; name = CoreGraphics.framework; path = System/Library/Frameworks/CoreGraphics.framework; sourceTree = SDKROOT; };
		82C87BB1179858D900EF3255 /* TouchViewsManually-Info.plist */ = {isa = PBXFileReference; lastKnownFileType = text.plist.xml; path = "TouchViewsManually-Info.plist"; sourceTree = "<group>"; };
		82C87BB3179858D900EF3255 /* en */ = {isa = PBXFileReference; lastKnownFileType = text.plist.strings; name = en; path = en.lproj/InfoPlist.strings; sourceTree = "<group>"; };
		82C87BB5179858D900EF3255 /* main.m */ = {isa = PBXFileReference; lastKnownFileType = sourcecode.c.objc; path = main.m; sourceTree = "<group>"; };
		82C87BB7179858D900EF3255 /* TouchViewsManually-Prefix.pch */ = {isa = PBXFileReference; lastKnownFileType = sourcecode.c.h; path = "TouchViewsManually-Prefix.pch"; sourceTree = "<group>"; };
		82C87BB8179858D900EF3255 /* AppDelegate.h */ = {isa = PBXFileReference; lastKnownFileType = sourcecode.c.h; path = AppDelegate.h; sourceTree = "<group>"; };
		82C87BB9179858D900EF3255 /* AppDelegate.m */ = {isa = PBXFileReference; lastKnownFileType = sourcecode.c.objc; path = AppDelegate.m; sourceTree = "<group>"; };
		82C87BBB179858D900EF3255 /* Default.png */ = {isa = PBXFileReference; lastKnownFileType = image.png; path = Default.png; sourceTree = "<group>"; };
		82C87BBD179858D900EF3255 /* Default@2x.png */ = {isa = PBXFileReference; lastKnownFileType = image.png; path = "Default@2x.png"; sourceTree = "<group>"; };
		82C87BBF179858D900EF3255 /* Default-568h@2x.png */ = {isa = PBXFileReference; lastKnownFileType = image.png; path = "Default-568h@2x.png"; sourceTree = "<group>"; };
		82C87BC1179858D900EF3255 /* ViewController.h */ = {isa = PBXFileReference; lastKnownFileType = sourcecode.c.h; path = ViewController.h; sourceTree = "<group>"; };
		82C87BC2179858D900EF3255 /* ViewController.m */ = {isa = PBXFileReference; lastKnownFileType = sourcecode.c.objc; path = ViewController.m; sourceTree = "<group>"; };
		82C87BC5179858D900EF3255 /* en */ = {isa = PBXFileReference; lastKnownFileType = file.xib; name = en; path = en.lproj/ViewController.xib; sourceTree = "<group>"; };
		82C87BD21798596800EF3255 /* MyView.h */ = {isa = PBXFileReference; fileEncoding = 4; lastKnownFileType = sourcecode.c.h; path = MyView.h; sourceTree = "<group>"; };
		82C87BD31798596800EF3255 /* MyView.m */ = {isa = PBXFileReference; fileEncoding = 4; lastKnownFileType = sourcecode.c.objc; path = MyView.m; sourceTree = "<group>"; };
		82C87BD51798621200EF3255 /* MatchDelegate.h */ = {isa = PBXFileReference; lastKnownFileType = sourcecode.c.h; path = MatchDelegate.h; sourceTree = "<group>"; };
		82E0EBFF1799C533000F2CE4 /* Andres Castillo.jpg */ = {isa = PBXFileReference; lastKnownFileType = image.jpeg; name = "Andres Castillo.jpg"; path = "Images/Andres Castillo.jpg"; sourceTree = "<group>"; };
		82E0EC001799C533000F2CE4 /* Antonio Grimaldo.jpg */ = {isa = PBXFileReference; lastKnownFileType = image.jpeg; name = "Antonio Grimaldo.jpg"; path = "Images/Antonio Grimaldo.jpg"; sourceTree = "<group>"; };
		82E0EC011799C533000F2CE4 /* Brad Woodard.jpg */ = {isa = PBXFileReference; lastKnownFileType = image.jpeg; name = "Brad Woodard.jpg"; path = "Images/Brad Woodard.jpg"; sourceTree = "<group>"; };
		82E0EC021799C533000F2CE4 /* Brandon Passley.jpg */ = {isa = PBXFileReference; lastKnownFileType = image.jpeg; name = "Brandon Passley.jpg"; path = "Images/Brandon Passley.jpg"; sourceTree = "<group>"; };
		82E0EC031799C533000F2CE4 /* Brian Dinh.jpg */ = {isa = PBXFileReference; lastKnownFileType = image.jpeg; name = "Brian Dinh.jpg"; path = "Images/Brian Dinh.jpg"; sourceTree = "<group>"; };
		82E0EC041799C533000F2CE4 /* Don Bora.jpg */ = {isa = PBXFileReference; lastKnownFileType = image.jpeg; name = "Don Bora.jpg"; path = "Images/Don Bora.jpg"; sourceTree = "<group>"; };
		82E0EC051799C533000F2CE4 /* Eddie Kang.jpg */ = {isa = PBXFileReference; lastKnownFileType = image.jpeg; name = "Eddie Kang.jpg"; path = "Images/Eddie Kang.jpg"; sourceTree = "<group>"; };
		82E0EC061799C533000F2CE4 /* Jeremy Herrero.jpg */ = {isa = PBXFileReference; lastKnownFileType = image.jpeg; name = "Jeremy Herrero.jpg"; path = "Images/Jeremy Herrero.jpg"; sourceTree = "<group>"; };
		82E0EC071799C533000F2CE4 /* Jess Sturme.jpg */ = {isa = PBXFileReference; lastKnownFileType = image.jpeg; name = "Jess Sturme.jpg"; path = "Images/Jess Sturme.jpg"; sourceTree = "<group>"; };
		82E0EC081799C533000F2CE4 /* Joel Arcos.jpg */ = {isa = PBXFileReference; lastKnownFileType = image.jpeg; name = "Joel Arcos.jpg"; path = "Images/Joel Arcos.jpg"; sourceTree = "<group>"; };
		82E0EC091799C533000F2CE4 /* Juliana Caccavo.jpg */ = {isa = PBXFileReference; lastKnownFileType = image.jpeg; name = "Juliana Caccavo.jpg"; path = "Images/Juliana Caccavo.jpg"; sourceTree = "<group>"; };
		82E0EC0A1799C533000F2CE4 /* Kin Divisual.jpg */ = {isa = PBXFileReference; lastKnownFileType = image.jpeg; name = "Kin Divisual.jpg"; path = "Images/Kin Divisual.jpg"; sourceTree = "<group>"; };
		82E0EC0B1799C533000F2CE4 /* Margarita Escaño.jpg */ = {isa = PBXFileReference; lastKnownFileType = image.jpeg; name = "Margarita Escaño.jpg"; path = "Images/Margarita Escaño.jpg"; sourceTree = "<group>"; };
		82E0EC0C1799C533000F2CE4 /* Maxim Wheatley.jpg */ = {isa = PBXFileReference; lastKnownFileType = image.jpeg; name = "Maxim Wheatley.jpg"; path = "Images/Maxim Wheatley.jpg"; sourceTree = "<group>"; };
		82E0EC0D1799C533000F2CE4 /* Norm Gershon.jpg */ = {isa = PBXFileReference; lastKnownFileType = image.jpeg; name = "Norm Gershon.jpg"; path = "Images/Norm Gershon.jpg"; sourceTree = "<group>"; };
		82E0EC0E1799C533000F2CE4 /* Ryan Striker.jpg */ = {isa = PBXFileReference; lastKnownFileType = image.jpeg; name = "Ryan Striker.jpg"; path = "Images/Ryan Striker.jpg"; sourceTree = "<group>"; };
		82E0EC0F1799C533000F2CE4 /* Stephan Duggan.jpg */ = {isa = PBXFileReference; lastKnownFileType = image.jpeg; name = "Stephan Duggan.jpg"; path = "Images/Stephan Duggan.jpg"; sourceTree = "<group>"; };
		82E0EC101799C533000F2CE4 /* Thom Duncan.jpg */ = {isa = PBXFileReference; lastKnownFileType = image.jpeg; name = "Thom Duncan.jpg"; path = "Images/Thom Duncan.jpg"; sourceTree = "<group>"; };
		82E0EC111799C533000F2CE4 /* Umut Kanbak.jpg */ = {isa = PBXFileReference; lastKnownFileType = image.jpeg; name = "Umut Kanbak.jpg"; path = "Images/Umut Kanbak.jpg"; sourceTree = "<group>"; };
		82E0EC281799D64D000F2CE4 /* MainViewController.h */ = {isa = PBXFileReference; fileEncoding = 4; lastKnownFileType = sourcecode.c.h; name = MainViewController.h; path = ../MainViewController.h; sourceTree = "<group>"; };
		82E0EC291799D64D000F2CE4 /* MainViewController.m */ = {isa = PBXFileReference; fileEncoding = 4; lastKnownFileType = sourcecode.c.objc; name = MainViewController.m; path = ../MainViewController.m; sourceTree = "<group>"; };
		82E0EC2A1799D64D000F2CE4 /* MainViewController.xib */ = {isa = PBXFileReference; fileEncoding = 4; lastKnownFileType = file.xib; name = MainViewController.xib; path = ../MainViewController.xib; sourceTree = "<group>"; };
		82E0EC301799E3F3000F2CE4 /* ScoreDelegate.h */ = {isa = PBXFileReference; lastKnownFileType = sourcecode.c.h; path = ScoreDelegate.h; sourceTree = "<group>"; };
		82E0EC31179A2697000F2CE4 /* PauseViewController.h */ = {isa = PBXFileReference; fileEncoding = 4; lastKnownFileType = sourcecode.c.h; path = PauseViewController.h; sourceTree = "<group>"; };
		82E0EC32179A2697000F2CE4 /* PauseViewController.m */ = {isa = PBXFileReference; fileEncoding = 4; lastKnownFileType = sourcecode.c.objc; path = PauseViewController.m; sourceTree = "<group>"; };
		82E0EC33179A2697000F2CE4 /* PauseViewController.xib */ = {isa = PBXFileReference; fileEncoding = 4; lastKnownFileType = file.xib; path = PauseViewController.xib; sourceTree = "<group>"; };
		82E0EC36179A287E000F2CE4 /* GameStatusDelegate.h */ = {isa = PBXFileReference; lastKnownFileType = sourcecode.c.h; path = GameStatusDelegate.h; sourceTree = "<group>"; };
		82E0EC37179A3745000F2CE4 /* ThumbDown.png */ = {isa = PBXFileReference; lastKnownFileType = image.png; name = ThumbDown.png; path = Images/ThumbDown.png; sourceTree = "<group>"; };
		82E0EC38179A3745000F2CE4 /* ThumbUp.png */ = {isa = PBXFileReference; lastKnownFileType = image.png; name = ThumbUp.png; path = Images/ThumbUp.png; sourceTree = "<group>"; };
/* End PBXFileReference section */

/* Begin PBXFrameworksBuildPhase section */
		82C87BA3179858D900EF3255 /* Frameworks */ = {
			isa = PBXFrameworksBuildPhase;
			buildActionMask = 2147483647;
			files = (
				82C87BAA179858D900EF3255 /* UIKit.framework in Frameworks */,
				82C87BAC179858D900EF3255 /* Foundation.framework in Frameworks */,
				82C87BAE179858D900EF3255 /* CoreGraphics.framework in Frameworks */,
			);
			runOnlyForDeploymentPostprocessing = 0;
		};
/* End PBXFrameworksBuildPhase section */

/* Begin PBXGroup section */
		82C87B9D179858D900EF3255 = {
			isa = PBXGroup;
			children = (
				82C87BAF179858D900EF3255 /* TouchViews */,
				82C87BA8179858D900EF3255 /* Frameworks */,
				82C87BA7179858D900EF3255 /* Products */,
			);
			sourceTree = "<group>";
		};
		82C87BA7179858D900EF3255 /* Products */ = {
			isa = PBXGroup;
			children = (
				82C87BA6179858D900EF3255 /* TouchViewsManually.app */,
			);
			name = Products;
			sourceTree = "<group>";
		};
		82C87BA8179858D900EF3255 /* Frameworks */ = {
			isa = PBXGroup;
			children = (
				82C87BA9179858D900EF3255 /* UIKit.framework */,
				82C87BAB179858D900EF3255 /* Foundation.framework */,
				82C87BAD179858D900EF3255 /* CoreGraphics.framework */,
			);
			name = Frameworks;
			sourceTree = "<group>";
		};
		82C87BAF179858D900EF3255 /* TouchViews */ = {
			isa = PBXGroup;
			children = (
				82C87BB8179858D900EF3255 /* AppDelegate.h */,
				82C87BB9179858D900EF3255 /* AppDelegate.m */,
				82E0EC2D1799D657000F2CE4 /* Views Controllers */,
				82E0EC2F1799D66B000F2CE4 /* Objects */,
				82E0EC2E1799D663000F2CE4 /* Protrocols */,
				82E0EBFE1799C248000F2CE4 /* Images */,
				82C87BB0179858D900EF3255 /* Supporting Files */,
			);
			path = TouchViews;
			sourceTree = "<group>";
		};
		82C87BB0179858D900EF3255 /* Supporting Files */ = {
			isa = PBXGroup;
			children = (
				82C87BB1179858D900EF3255 /* TouchViewsManually-Info.plist */,
				82C87BB2179858D900EF3255 /* InfoPlist.strings */,
				82C87BB5179858D900EF3255 /* main.m */,
				82C87BB7179858D900EF3255 /* TouchViewsManually-Prefix.pch */,
				82C87BBB179858D900EF3255 /* Default.png */,
				82C87BBD179858D900EF3255 /* Default@2x.png */,
				82C87BBF179858D900EF3255 /* Default-568h@2x.png */,
			);
			name = "Supporting Files";
			sourceTree = "<group>";
		};
		82E0EBFE1799C248000F2CE4 /* Images */ = {
			isa = PBXGroup;
			children = (
				8218D7D617999CCA00CAC79F /* Question Mark.jpg */,
				82E0EBFF1799C533000F2CE4 /* Andres Castillo.jpg */,
				82E0EC001799C533000F2CE4 /* Antonio Grimaldo.jpg */,
				82E0EC011799C533000F2CE4 /* Brad Woodard.jpg */,
				82E0EC021799C533000F2CE4 /* Brandon Passley.jpg */,
				82E0EC031799C533000F2CE4 /* Brian Dinh.jpg */,
				82E0EC041799C533000F2CE4 /* Don Bora.jpg */,
				82E0EC051799C533000F2CE4 /* Eddie Kang.jpg */,
				82E0EC061799C533000F2CE4 /* Jeremy Herrero.jpg */,
				82E0EC071799C533000F2CE4 /* Jess Sturme.jpg */,
				82E0EC081799C533000F2CE4 /* Joel Arcos.jpg */,
				82E0EC091799C533000F2CE4 /* Juliana Caccavo.jpg */,
				82E0EC0A1799C533000F2CE4 /* Kin Divisual.jpg */,
				82E0EC0B1799C533000F2CE4 /* Margarita Escaño.jpg */,
				82E0EC0C1799C533000F2CE4 /* Maxim Wheatley.jpg */,
				82E0EC0D1799C533000F2CE4 /* Norm Gershon.jpg */,
				82E0EC0E1799C533000F2CE4 /* Ryan Striker.jpg */,
				82E0EC0F1799C533000F2CE4 /* Stephan Duggan.jpg */,
				82E0EC37179A3745000F2CE4 /* ThumbDown.png */,
				82E0EC38179A3745000F2CE4 /* ThumbUp.png */,
				82E0EC101799C533000F2CE4 /* Thom Duncan.jpg */,
				82E0EC111799C533000F2CE4 /* Umut Kanbak.jpg */,
			);
			name = Images;
			sourceTree = "<group>";
		};
		82E0EC2D1799D657000F2CE4 /* Views Controllers */ = {
			isa = PBXGroup;
			children = (
				82E0EC281799D64D000F2CE4 /* MainViewController.h */,
				82E0EC291799D64D000F2CE4 /* MainViewController.m */,
				82E0EC2A1799D64D000F2CE4 /* MainViewController.xib */,
				82C87BC1179858D900EF3255 /* ViewController.h */,
				82C87BC2179858D900EF3255 /* ViewController.m */,
				82C87BC4179858D900EF3255 /* ViewController.xib */,
				82E0EC31179A2697000F2CE4 /* PauseViewController.h */,
				82E0EC32179A2697000F2CE4 /* PauseViewController.m */,
				82E0EC33179A2697000F2CE4 /* PauseViewController.xib */,
			);
			name = "Views Controllers";
			sourceTree = "<group>";
		};
		82E0EC2E1799D663000F2CE4 /* Protrocols */ = {
			isa = PBXGroup;
			children = (
				82C87BD51798621200EF3255 /* MatchDelegate.h */,
				82E0EC301799E3F3000F2CE4 /* ScoreDelegate.h */,
				82E0EC36179A287E000F2CE4 /* GameStatusDelegate.h */,
			);
			name = Protrocols;
			sourceTree = "<group>";
		};
		82E0EC2F1799D66B000F2CE4 /* Objects */ = {
			isa = PBXGroup;
			children = (
				82C87BD21798596800EF3255 /* MyView.h */,
				82C87BD31798596800EF3255 /* MyView.m */,
			);
			name = Objects;
			sourceTree = "<group>";
		};
/* End PBXGroup section */

/* Begin PBXNativeTarget section */
		82C87BA5179858D900EF3255 /* TouchViewsManually */ = {
			isa = PBXNativeTarget;
			buildConfigurationList = 82C87BC9179858D900EF3255 /* Build configuration list for PBXNativeTarget "TouchViewsManually" */;
			buildPhases = (
				82C87BA2179858D900EF3255 /* Sources */,
				82C87BA3179858D900EF3255 /* Frameworks */,
				82C87BA4179858D900EF3255 /* Resources */,
			);
			buildRules = (
			);
			dependencies = (
			);
			name = TouchViewsManually;
			productName = TouchViews;
			productReference = 82C87BA6179858D900EF3255 /* TouchViewsManually.app */;
			productType = "com.apple.product-type.application";
		};
/* End PBXNativeTarget section */

/* Begin PBXProject section */
		82C87B9E179858D900EF3255 /* Project object */ = {
			isa = PBXProject;
			attributes = {
				LastUpgradeCheck = 0460;
				ORGANIZATIONNAME = "Andrés Pesate";
			};
			buildConfigurationList = 82C87BA1179858D900EF3255 /* Build configuration list for PBXProject "TouchViewsManually" */;
			compatibilityVersion = "Xcode 3.2";
			developmentRegion = English;
			hasScannedForEncodings = 0;
			knownRegions = (
				en,
			);
			mainGroup = 82C87B9D179858D900EF3255;
			productRefGroup = 82C87BA7179858D900EF3255 /* Products */;
			projectDirPath = "";
			projectRoot = "";
			targets = (
				82C87BA5179858D900EF3255 /* TouchViewsManually */,
			);
		};
/* End PBXProject section */

/* Begin PBXResourcesBuildPhase section */
		82C87BA4179858D900EF3255 /* Resources */ = {
			isa = PBXResourcesBuildPhase;
			buildActionMask = 2147483647;
			files = (
				82C87BB4179858D900EF3255 /* InfoPlist.strings in Resources */,
				82C87BBC179858D900EF3255 /* Default.png in Resources */,
				82C87BBE179858D900EF3255 /* Default@2x.png in Resources */,
				82C87BC0179858D900EF3255 /* Default-568h@2x.png in Resources */,
				82C87BC6179858D900EF3255 /* ViewController.xib in Resources */,
				8218D7D717999CCA00CAC79F /* Question Mark.jpg in Resources */,
				82E0EC121799C533000F2CE4 /* Andres Castillo.jpg in Resources */,
				82E0EC131799C533000F2CE4 /* Antonio Grimaldo.jpg in Resources */,
				82E0EC141799C533000F2CE4 /* Brad Woodard.jpg in Resources */,
				82E0EC151799C533000F2CE4 /* Brandon Passley.jpg in Resources */,
				82E0EC161799C533000F2CE4 /* Brian Dinh.jpg in Resources */,
				82E0EC171799C533000F2CE4 /* Don Bora.jpg in Resources */,
				82E0EC181799C533000F2CE4 /* Eddie Kang.jpg in Resources */,
				82E0EC191799C533000F2CE4 /* Jeremy Herrero.jpg in Resources */,
				82E0EC1A1799C533000F2CE4 /* Jess Sturme.jpg in Resources */,
				82E0EC1B1799C533000F2CE4 /* Joel Arcos.jpg in Resources */,
				82E0EC1C1799C533000F2CE4 /* Juliana Caccavo.jpg in Resources */,
				82E0EC1D1799C533000F2CE4 /* Kin Divisual.jpg in Resources */,
				82E0EC1E1799C533000F2CE4 /* Margarita Escaño.jpg in Resources */,
				82E0EC1F1799C533000F2CE4 /* Maxim Wheatley.jpg in Resources */,
				82E0EC201799C533000F2CE4 /* Norm Gershon.jpg in Resources */,
				82E0EC211799C533000F2CE4 /* Ryan Striker.jpg in Resources */,
				82E0EC221799C533000F2CE4 /* Stephan Duggan.jpg in Resources */,
				82E0EC231799C533000F2CE4 /* Thom Duncan.jpg in Resources */,
				82E0EC241799C533000F2CE4 /* Umut Kanbak.jpg in Resources */,
				82E0EC2C1799D64D000F2CE4 /* MainViewController.xib in Resources */,
				82E0EC35179A2697000F2CE4 /* PauseViewController.xib in Resources */,
				82E0EC39179A3745000F2CE4 /* ThumbDown.png in Resources */,
				82E0EC3A179A3745000F2CE4 /* ThumbUp.png in Resources */,
			);
			runOnlyForDeploymentPostprocessing = 0;
		};
/* End PBXResourcesBuildPhase section */

/* Begin PBXSourcesBuildPhase section */
		82C87BA2179858D900EF3255 /* Sources */ = {
			isa = PBXSourcesBuildPhase;
			buildActionMask = 2147483647;
			files = (
				82C87BB6179858D900EF3255 /* main.m in Sources */,
				82C87BBA179858D900EF3255 /* AppDelegate.m in Sources */,
				82C87BC3179858D900EF3255 /* ViewController.m in Sources */,
				82C87BD41798596800EF3255 /* MyView.m in Sources */,
				82E0EC2B1799D64D000F2CE4 /* MainViewController.m in Sources */,
				82E0EC34179A2697000F2CE4 /* PauseViewController.m in Sources */,
			);
			runOnlyForDeploymentPostprocessing = 0;
		};
/* End PBXSourcesBuildPhase section */

/* Begin PBXVariantGroup section */
		82C87BB2179858D900EF3255 /* InfoPlist.strings */ = {
			isa = PBXVariantGroup;
			children = (
				82C87BB3179858D900EF3255 /* en */,
			);
			name = InfoPlist.strings;
			sourceTree = "<group>";
		};
		82C87BC4179858D900EF3255 /* ViewController.xib */ = {
			isa = PBXVariantGroup;
			children = (
				82C87BC5179858D900EF3255 /* en */,
			);
			name = ViewController.xib;
			sourceTree = "<group>";
		};
/* End PBXVariantGroup section */

/* Begin XCBuildConfiguration section */
		82C87BC7179858D900EF3255 /* Debug */ = {
			isa = XCBuildConfiguration;
			buildSettings = {
				ALWAYS_SEARCH_USER_PATHS = NO;
				CLANG_CXX_LANGUAGE_STANDARD = "gnu++0x";
				CLANG_CXX_LIBRARY = "libc++";
				CLANG_ENABLE_OBJC_ARC = YES;
				CLANG_WARN_CONSTANT_CONVERSION = YES;
				CLANG_WARN_EMPTY_BODY = YES;
				CLANG_WARN_ENUM_CONVERSION = YES;
				CLANG_WARN_INT_CONVERSION = YES;
				CLANG_WARN__DUPLICATE_METHOD_MATCH = YES;
				"CODE_SIGN_IDENTITY[sdk=iphoneos*]" = "iPhone Developer";
				COPY_PHASE_STRIP = NO;
				GCC_C_LANGUAGE_STANDARD = gnu99;
				GCC_DYNAMIC_NO_PIC = NO;
				GCC_OPTIMIZATION_LEVEL = 0;
				GCC_PREPROCESSOR_DEFINITIONS = (
					"DEBUG=1",
					"$(inherited)",
				);
				GCC_SYMBOLS_PRIVATE_EXTERN = NO;
				GCC_WARN_ABOUT_RETURN_TYPE = YES;
				GCC_WARN_UNINITIALIZED_AUTOS = YES;
				GCC_WARN_UNUSED_VARIABLE = YES;
				IPHONEOS_DEPLOYMENT_TARGET = 6.1;
				ONLY_ACTIVE_ARCH = YES;
				SDKROOT = iphoneos;
			};
			name = Debug;
		};
		82C87BC8179858D900EF3255 /* Release */ = {
			isa = XCBuildConfiguration;
			buildSettings = {
				ALWAYS_SEARCH_USER_PATHS = NO;
				CLANG_CXX_LANGUAGE_STANDARD = "gnu++0x";
				CLANG_CXX_LIBRARY = "libc++";
				CLANG_ENABLE_OBJC_ARC = YES;
				CLANG_WARN_CONSTANT_CONVERSION = YES;
				CLANG_WARN_EMPTY_BODY = YES;
				CLANG_WARN_ENUM_CONVERSION = YES;
				CLANG_WARN_INT_CONVERSION = YES;
				CLANG_WARN__DUPLICATE_METHOD_MATCH = YES;
				"CODE_SIGN_IDENTITY[sdk=iphoneos*]" = "iPhone Developer";
				COPY_PHASE_STRIP = YES;
				GCC_C_LANGUAGE_STANDARD = gnu99;
				GCC_WARN_ABOUT_RETURN_TYPE = YES;
				GCC_WARN_UNINITIALIZED_AUTOS = YES;
				GCC_WARN_UNUSED_VARIABLE = YES;
				IPHONEOS_DEPLOYMENT_TARGET = 6.1;
				OTHER_CFLAGS = "-DNS_BLOCK_ASSERTIONS=1";
				SDKROOT = iphoneos;
				VALIDATE_PRODUCT = YES;
			};
			name = Release;
		};
		82C87BCA179858D900EF3255 /* Debug */ = {
			isa = XCBuildConfiguration;
			buildSettings = {
				GCC_PRECOMPILE_PREFIX_HEADER = YES;
				GCC_PREFIX_HEADER = "TouchViews/TouchViewsManually-Prefix.pch";
				INFOPLIST_FILE = "TouchViews/TouchViewsManually-Info.plist";
				PRODUCT_NAME = TouchViewsManually;
				WRAPPER_EXTENSION = app;
			};
			name = Debug;
		};
		82C87BCB179858D900EF3255 /* Release */ = {
			isa = XCBuildConfiguration;
			buildSettings = {
				GCC_PRECOMPILE_PREFIX_HEADER = YES;
				GCC_PREFIX_HEADER = "TouchViews/TouchViewsManually-Prefix.pch";
				INFOPLIST_FILE = "TouchViews/TouchViewsManually-Info.plist";
				PRODUCT_NAME = TouchViewsManually;
				WRAPPER_EXTENSION = app;
			};
			name = Release;
		};
/* End XCBuildConfiguration section */

/* Begin XCConfigurationList section */
		82C87BA1179858D900EF3255 /* Build configuration list for PBXProject "TouchViewsManually" */ = {
			isa = XCConfigurationList;
			buildConfigurations = (
				82C87BC7179858D900EF3255 /* Debug */,
				82C87BC8179858D900EF3255 /* Release */,
			);
			defaultConfigurationIsVisible = 0;
			defaultConfigurationName = Release;
		};
		82C87BC9179858D900EF3255 /* Build configuration list for PBXNativeTarget "TouchViewsManually" */ = {
			isa = XCConfigurationList;
			buildConfigurations = (
				82C87BCA179858D900EF3255 /* Debug */,
				82C87BCB179858D900EF3255 /* Release */,
			);
			defaultConfigurationIsVisible = 0;
			defaultConfigurationName = Release;
		};
/* End XCConfigurationList section */
	};
	rootObject = 82C87B9E179858D900EF3255 /* Project object */;
}
